{
  "pins" : [
    {
      "identity" : "approov-ios-sdk",
      "kind" : "remoteSourceControl",
      "location" : "https://github.com/approov/approov-ios-sdk.git",
      "state" : {
        "revision" : "40fa2fc0a18858b4a82299071c6b0ee04092e5c7",
        "version" : "3.5.2"
      }
    },
    {
      "identity" : "swift-http-structured-headers",
      "kind" : "remoteSourceControl",
      "location" : "https://github.com/apple/swift-http-structured-headers.git",
      "state" : {
        "revision" : "8e769facea6b7d46ea60e5e93635a384fd573480",
        "version" : "1.2.1"
      }
    }
  ],
  "version" : 2
}
